// !$*UTF8*$!
{
	archiveVersion = 1;
	classes = {
	};
	objectVersion = 46;
	objects = {

/* Begin PBXBuildFile section */
		38429B1319A2E7440072941B /* SystemConfiguration.framework in Frameworks */ = {isa = PBXBuildFile; fileRef = 38429B1219A2E7440072941B /* SystemConfiguration.framework */; };
		38429B1519A2E74B0072941B /* Security.framework in Frameworks */ = {isa = PBXBuildFile; fileRef = 38429B1419A2E74B0072941B /* Security.framework */; };
		38429B1F19A2E7A00072941B /* GTMOAuthViewControllerTouch.m in Sources */ = {isa = PBXBuildFile; fileRef = 38429B1919A2E7A00072941B /* GTMOAuthViewControllerTouch.m */; settings = {COMPILER_FLAGS = "-fno-objc-arc"; }; };
		38429B2019A2E7A00072941B /* GTMOAuthViewTouch.xib in Resources */ = {isa = PBXBuildFile; fileRef = 38429B1A19A2E7A00072941B /* GTMOAuthViewTouch.xib */; };
		38429B2119A2E7A00072941B /* GTMOAuthAuthentication.m in Sources */ = {isa = PBXBuildFile; fileRef = 38429B1C19A2E7A00072941B /* GTMOAuthAuthentication.m */; settings = {COMPILER_FLAGS = "-fno-objc-arc"; }; };
		38429B2219A2E7A00072941B /* GTMOAuthSignIn.m in Sources */ = {isa = PBXBuildFile; fileRef = 38429B1E19A2E7A00072941B /* GTMOAuthSignIn.m */; settings = {COMPILER_FLAGS = "-fno-objc-arc"; }; };
		38429B2519A2E7CC0072941B /* GTMHTTPFetcher.m in Sources */ = {isa = PBXBuildFile; fileRef = 38429B2419A2E7CC0072941B /* GTMHTTPFetcher.m */; settings = {COMPILER_FLAGS = "-fno-objc-arc"; }; };
		38429B4C19A30F180072941B /* MKAnnotationView+WebCache.m in Sources */ = {isa = PBXBuildFile; fileRef = 38429B2C19A30F180072941B /* MKAnnotationView+WebCache.m */; };
		38429B4D19A30F180072941B /* NSData+ImageContentType.m in Sources */ = {isa = PBXBuildFile; fileRef = 38429B2E19A30F180072941B /* NSData+ImageContentType.m */; };
		38429B4E19A30F180072941B /* SDImageCache.m in Sources */ = {isa = PBXBuildFile; fileRef = 38429B3019A30F180072941B /* SDImageCache.m */; };
		38429B4F19A30F180072941B /* SDWebImageCompat.m in Sources */ = {isa = PBXBuildFile; fileRef = 38429B3219A30F180072941B /* SDWebImageCompat.m */; };
		38429B5019A30F180072941B /* SDWebImageDecoder.m in Sources */ = {isa = PBXBuildFile; fileRef = 38429B3419A30F180072941B /* SDWebImageDecoder.m */; };
		38429B5119A30F180072941B /* SDWebImageDownloader.m in Sources */ = {isa = PBXBuildFile; fileRef = 38429B3619A30F180072941B /* SDWebImageDownloader.m */; };
		38429B5219A30F180072941B /* SDWebImageDownloaderOperation.m in Sources */ = {isa = PBXBuildFile; fileRef = 38429B3819A30F180072941B /* SDWebImageDownloaderOperation.m */; };
		38429B5319A30F180072941B /* SDWebImageManager.m in Sources */ = {isa = PBXBuildFile; fileRef = 38429B3A19A30F180072941B /* SDWebImageManager.m */; };
		38429B5419A30F190072941B /* SDWebImagePrefetcher.m in Sources */ = {isa = PBXBuildFile; fileRef = 38429B3D19A30F180072941B /* SDWebImagePrefetcher.m */; };
		38429B5519A30F190072941B /* UIButton+WebCache.m in Sources */ = {isa = PBXBuildFile; fileRef = 38429B3F19A30F180072941B /* UIButton+WebCache.m */; };
		38429B5619A30F190072941B /* UIImage+GIF.m in Sources */ = {isa = PBXBuildFile; fileRef = 38429B4119A30F180072941B /* UIImage+GIF.m */; };
		38429B5719A30F190072941B /* UIImage+MultiFormat.m in Sources */ = {isa = PBXBuildFile; fileRef = 38429B4319A30F180072941B /* UIImage+MultiFormat.m */; };
		38429B5819A30F190072941B /* UIImage+WebP.m in Sources */ = {isa = PBXBuildFile; fileRef = 38429B4519A30F180072941B /* UIImage+WebP.m */; };
		38429B5919A30F190072941B /* UIImageView+HighlightedWebCache.m in Sources */ = {isa = PBXBuildFile; fileRef = 38429B4719A30F180072941B /* UIImageView+HighlightedWebCache.m */; };
		38429B5A19A30F190072941B /* UIImageView+WebCache.m in Sources */ = {isa = PBXBuildFile; fileRef = 38429B4919A30F180072941B /* UIImageView+WebCache.m */; };
		38429B5B19A30F190072941B /* UIView+WebCacheOperation.m in Sources */ = {isa = PBXBuildFile; fileRef = 38429B4B19A30F180072941B /* UIView+WebCacheOperation.m */; };
		9F0256A019A1DD4E00E58955 /* Foundation.framework in Frameworks */ = {isa = PBXBuildFile; fileRef = 9F02569F19A1DD4E00E58955 /* Foundation.framework */; };
		9F0256A219A1DD4E00E58955 /* CoreGraphics.framework in Frameworks */ = {isa = PBXBuildFile; fileRef = 9F0256A119A1DD4E00E58955 /* CoreGraphics.framework */; };
		9F0256A419A1DD4E00E58955 /* UIKit.framework in Frameworks */ = {isa = PBXBuildFile; fileRef = 9F0256A319A1DD4E00E58955 /* UIKit.framework */; };
		9F0256AA19A1DD4E00E58955 /* InfoPlist.strings in Resources */ = {isa = PBXBuildFile; fileRef = 9F0256A819A1DD4E00E58955 /* InfoPlist.strings */; };
		9F0256AC19A1DD4E00E58955 /* main.m in Sources */ = {isa = PBXBuildFile; fileRef = 9F0256AB19A1DD4E00E58955 /* main.m */; };
		9F0256B019A1DD4E00E58955 /* AppDelegate.m in Sources */ = {isa = PBXBuildFile; fileRef = 9F0256AF19A1DD4E00E58955 /* AppDelegate.m */; };
		9F0256B219A1DD4E00E58955 /* Images.xcassets in Resources */ = {isa = PBXBuildFile; fileRef = 9F0256B119A1DD4E00E58955 /* Images.xcassets */; };
		9F0256B919A1DD4E00E58955 /* XCTest.framework in Frameworks */ = {isa = PBXBuildFile; fileRef = 9F0256B819A1DD4E00E58955 /* XCTest.framework */; };
		9F0256BA19A1DD4E00E58955 /* Foundation.framework in Frameworks */ = {isa = PBXBuildFile; fileRef = 9F02569F19A1DD4E00E58955 /* Foundation.framework */; };
		9F0256BB19A1DD4E00E58955 /* UIKit.framework in Frameworks */ = {isa = PBXBuildFile; fileRef = 9F0256A319A1DD4E00E58955 /* UIKit.framework */; };
		9F0256C319A1DD4E00E58955 /* InfoPlist.strings in Resources */ = {isa = PBXBuildFile; fileRef = 9F0256C119A1DD4E00E58955 /* InfoPlist.strings */; };
		9F0256C519A1DD4E00E58955 /* TwitChatTests.m in Sources */ = {isa = PBXBuildFile; fileRef = 9F0256C419A1DD4E00E58955 /* TwitChatTests.m */; };
		9F0256D019A1DD5B00E58955 /* FirstViewController.m in Sources */ = {isa = PBXBuildFile; fileRef = 9F0256CF19A1DD5B00E58955 /* FirstViewController.m */; };
		9F02571719A1E4AD00E58955 /* SecondViewController.m in Sources */ = {isa = PBXBuildFile; fileRef = 9F02571619A1E4AD00E58955 /* SecondViewController.m */; };
		9F02571A19A1E4BD00E58955 /* ThirdViewController.m in Sources */ = {isa = PBXBuildFile; fileRef = 9F02571919A1E4BD00E58955 /* ThirdViewController.m */; };
		9FA6984519A1EF7000FF9E4C /* QuartzCore.framework in Frameworks */ = {isa = PBXBuildFile; fileRef = 9FA6984419A1EF7000FF9E4C /* QuartzCore.framework */; };
		9FA6984B19A1FE4800FF9E4C /* UIViewController+ENPopUp.m in Sources */ = {isa = PBXBuildFile; fileRef = 9FA6984719A1FE4800FF9E4C /* UIViewController+ENPopUp.m */; };
		9FA6984C19A1FE4800FF9E4C /* JWBlurView.m in Sources */ = {isa = PBXBuildFile; fileRef = 9FA6984919A1FE4800FF9E4C /* JWBlurView.m */; };
/* End PBXBuildFile section */

/* Begin PBXContainerItemProxy section */
		9F0256BC19A1DD4E00E58955 /* PBXContainerItemProxy */ = {
			isa = PBXContainerItemProxy;
			containerPortal = 9F02569419A1DD4E00E58955 /* Project object */;
			proxyType = 1;
			remoteGlobalIDString = 9F02569B19A1DD4E00E58955;
			remoteInfo = TwitChat;
		};
/* End PBXContainerItemProxy section */

/* Begin PBXFileReference section */
		38429B1219A2E7440072941B /* SystemConfiguration.framework */ = {isa = PBXFileReference; lastKnownFileType = wrapper.framework; name = SystemConfiguration.framework; path = System/Library/Frameworks/SystemConfiguration.framework; sourceTree = SDKROOT; };
		38429B1419A2E74B0072941B /* Security.framework */ = {isa = PBXFileReference; lastKnownFileType = wrapper.framework; name = Security.framework; path = System/Library/Frameworks/Security.framework; sourceTree = SDKROOT; };
		38429B1819A2E7A00072941B /* GTMOAuthViewControllerTouch.h */ = {isa = PBXFileReference; fileEncoding = 4; lastKnownFileType = sourcecode.c.h; path = GTMOAuthViewControllerTouch.h; sourceTree = "<group>"; };
		38429B1919A2E7A00072941B /* GTMOAuthViewControllerTouch.m */ = {isa = PBXFileReference; fileEncoding = 4; lastKnownFileType = sourcecode.c.objc; path = GTMOAuthViewControllerTouch.m; sourceTree = "<group>"; };
		38429B1A19A2E7A00072941B /* GTMOAuthViewTouch.xib */ = {isa = PBXFileReference; fileEncoding = 4; lastKnownFileType = file.xib; path = GTMOAuthViewTouch.xib; sourceTree = "<group>"; };
		38429B1B19A2E7A00072941B /* GTMOAuthAuthentication.h */ = {isa = PBXFileReference; fileEncoding = 4; lastKnownFileType = sourcecode.c.h; path = GTMOAuthAuthentication.h; sourceTree = "<group>"; };
		38429B1C19A2E7A00072941B /* GTMOAuthAuthentication.m */ = {isa = PBXFileReference; fileEncoding = 4; lastKnownFileType = sourcecode.c.objc; path = GTMOAuthAuthentication.m; sourceTree = "<group>"; };
		38429B1D19A2E7A00072941B /* GTMOAuthSignIn.h */ = {isa = PBXFileReference; fileEncoding = 4; lastKnownFileType = sourcecode.c.h; path = GTMOAuthSignIn.h; sourceTree = "<group>"; };
		38429B1E19A2E7A00072941B /* GTMOAuthSignIn.m */ = {isa = PBXFileReference; fileEncoding = 4; lastKnownFileType = sourcecode.c.objc; path = GTMOAuthSignIn.m; sourceTree = "<group>"; };
		38429B2319A2E7CC0072941B /* GTMHTTPFetcher.h */ = {isa = PBXFileReference; fileEncoding = 4; lastKnownFileType = sourcecode.c.h; path = GTMHTTPFetcher.h; sourceTree = "<group>"; };
		38429B2419A2E7CC0072941B /* GTMHTTPFetcher.m */ = {isa = PBXFileReference; fileEncoding = 4; lastKnownFileType = sourcecode.c.objc; path = GTMHTTPFetcher.m; sourceTree = "<group>"; };
		38429B2B19A30F180072941B /* MKAnnotationView+WebCache.h */ = {isa = PBXFileReference; fileEncoding = 4; lastKnownFileType = sourcecode.c.h; path = "MKAnnotationView+WebCache.h"; sourceTree = "<group>"; };
		38429B2C19A30F180072941B /* MKAnnotationView+WebCache.m */ = {isa = PBXFileReference; fileEncoding = 4; lastKnownFileType = sourcecode.c.objc; path = "MKAnnotationView+WebCache.m"; sourceTree = "<group>"; };
		38429B2D19A30F180072941B /* NSData+ImageContentType.h */ = {isa = PBXFileReference; fileEncoding = 4; lastKnownFileType = sourcecode.c.h; path = "NSData+ImageContentType.h"; sourceTree = "<group>"; };
		38429B2E19A30F180072941B /* NSData+ImageContentType.m */ = {isa = PBXFileReference; fileEncoding = 4; lastKnownFileType = sourcecode.c.objc; path = "NSData+ImageContentType.m"; sourceTree = "<group>"; };
		38429B2F19A30F180072941B /* SDImageCache.h */ = {isa = PBXFileReference; fileEncoding = 4; lastKnownFileType = sourcecode.c.h; path = SDImageCache.h; sourceTree = "<group>"; };
		38429B3019A30F180072941B /* SDImageCache.m */ = {isa = PBXFileReference; fileEncoding = 4; lastKnownFileType = sourcecode.c.objc; path = SDImageCache.m; sourceTree = "<group>"; };
		38429B3119A30F180072941B /* SDWebImageCompat.h */ = {isa = PBXFileReference; fileEncoding = 4; lastKnownFileType = sourcecode.c.h; path = SDWebImageCompat.h; sourceTree = "<group>"; };
		38429B3219A30F180072941B /* SDWebImageCompat.m */ = {isa = PBXFileReference; fileEncoding = 4; lastKnownFileType = sourcecode.c.objc; path = SDWebImageCompat.m; sourceTree = "<group>"; };
		38429B3319A30F180072941B /* SDWebImageDecoder.h */ = {isa = PBXFileReference; fileEncoding = 4; lastKnownFileType = sourcecode.c.h; path = SDWebImageDecoder.h; sourceTree = "<group>"; };
		38429B3419A30F180072941B /* SDWebImageDecoder.m */ = {isa = PBXFileReference; fileEncoding = 4; lastKnownFileType = sourcecode.c.objc; path = SDWebImageDecoder.m; sourceTree = "<group>"; };
		38429B3519A30F180072941B /* SDWebImageDownloader.h */ = {isa = PBXFileReference; fileEncoding = 4; lastKnownFileType = sourcecode.c.h; path = SDWebImageDownloader.h; sourceTree = "<group>"; };
		38429B3619A30F180072941B /* SDWebImageDownloader.m */ = {isa = PBXFileReference; fileEncoding = 4; lastKnownFileType = sourcecode.c.objc; path = SDWebImageDownloader.m; sourceTree = "<group>"; };
		38429B3719A30F180072941B /* SDWebImageDownloaderOperation.h */ = {isa = PBXFileReference; fileEncoding = 4; lastKnownFileType = sourcecode.c.h; path = SDWebImageDownloaderOperation.h; sourceTree = "<group>"; };
		38429B3819A30F180072941B /* SDWebImageDownloaderOperation.m */ = {isa = PBXFileReference; fileEncoding = 4; lastKnownFileType = sourcecode.c.objc; path = SDWebImageDownloaderOperation.m; sourceTree = "<group>"; };
		38429B3919A30F180072941B /* SDWebImageManager.h */ = {isa = PBXFileReference; fileEncoding = 4; lastKnownFileType = sourcecode.c.h; path = SDWebImageManager.h; sourceTree = "<group>"; };
		38429B3A19A30F180072941B /* SDWebImageManager.m */ = {isa = PBXFileReference; fileEncoding = 4; lastKnownFileType = sourcecode.c.objc; path = SDWebImageManager.m; sourceTree = "<group>"; };
		38429B3B19A30F180072941B /* SDWebImageOperation.h */ = {isa = PBXFileReference; fileEncoding = 4; lastKnownFileType = sourcecode.c.h; path = SDWebImageOperation.h; sourceTree = "<group>"; };
		38429B3C19A30F180072941B /* SDWebImagePrefetcher.h */ = {isa = PBXFileReference; fileEncoding = 4; lastKnownFileType = sourcecode.c.h; path = SDWebImagePrefetcher.h; sourceTree = "<group>"; };
		38429B3D19A30F180072941B /* SDWebImagePrefetcher.m */ = {isa = PBXFileReference; fileEncoding = 4; lastKnownFileType = sourcecode.c.objc; path = SDWebImagePrefetcher.m; sourceTree = "<group>"; };
		38429B3E19A30F180072941B /* UIButton+WebCache.h */ = {isa = PBXFileReference; fileEncoding = 4; lastKnownFileType = sourcecode.c.h; path = "UIButton+WebCache.h"; sourceTree = "<group>"; };
		38429B3F19A30F180072941B /* UIButton+WebCache.m */ = {isa = PBXFileReference; fileEncoding = 4; lastKnownFileType = sourcecode.c.objc; path = "UIButton+WebCache.m"; sourceTree = "<group>"; };
		38429B4019A30F180072941B /* UIImage+GIF.h */ = {isa = PBXFileReference; fileEncoding = 4; lastKnownFileType = sourcecode.c.h; path = "UIImage+GIF.h"; sourceTree = "<group>"; };
		38429B4119A30F180072941B /* UIImage+GIF.m */ = {isa = PBXFileReference; fileEncoding = 4; lastKnownFileType = sourcecode.c.objc; path = "UIImage+GIF.m"; sourceTree = "<group>"; };
		38429B4219A30F180072941B /* UIImage+MultiFormat.h */ = {isa = PBXFileReference; fileEncoding = 4; lastKnownFileType = sourcecode.c.h; path = "UIImage+MultiFormat.h"; sourceTree = "<group>"; };
		38429B4319A30F180072941B /* UIImage+MultiFormat.m */ = {isa = PBXFileReference; fileEncoding = 4; lastKnownFileType = sourcecode.c.objc; path = "UIImage+MultiFormat.m"; sourceTree = "<group>"; };
		38429B4419A30F180072941B /* UIImage+WebP.h */ = {isa = PBXFileReference; fileEncoding = 4; lastKnownFileType = sourcecode.c.h; path = "UIImage+WebP.h"; sourceTree = "<group>"; };
		38429B4519A30F180072941B /* UIImage+WebP.m */ = {isa = PBXFileReference; fileEncoding = 4; lastKnownFileType = sourcecode.c.objc; path = "UIImage+WebP.m"; sourceTree = "<group>"; };
		38429B4619A30F180072941B /* UIImageView+HighlightedWebCache.h */ = {isa = PBXFileReference; fileEncoding = 4; lastKnownFileType = sourcecode.c.h; path = "UIImageView+HighlightedWebCache.h"; sourceTree = "<group>"; };
		38429B4719A30F180072941B /* UIImageView+HighlightedWebCache.m */ = {isa = PBXFileReference; fileEncoding = 4; lastKnownFileType = sourcecode.c.objc; path = "UIImageView+HighlightedWebCache.m"; sourceTree = "<group>"; };
		38429B4819A30F180072941B /* UIImageView+WebCache.h */ = {isa = PBXFileReference; fileEncoding = 4; lastKnownFileType = sourcecode.c.h; path = "UIImageView+WebCache.h"; sourceTree = "<group>"; };
		38429B4919A30F180072941B /* UIImageView+WebCache.m */ = {isa = PBXFileReference; fileEncoding = 4; lastKnownFileType = sourcecode.c.objc; path = "UIImageView+WebCache.m"; sourceTree = "<group>"; };
		38429B4A19A30F180072941B /* UIView+WebCacheOperation.h */ = {isa = PBXFileReference; fileEncoding = 4; lastKnownFileType = sourcecode.c.h; path = "UIView+WebCacheOperation.h"; sourceTree = "<group>"; };
		38429B4B19A30F180072941B /* UIView+WebCacheOperation.m */ = {isa = PBXFileReference; fileEncoding = 4; lastKnownFileType = sourcecode.c.objc; path = "UIView+WebCacheOperation.m"; sourceTree = "<group>"; };
		9F02569C19A1DD4E00E58955 /* TwitChat.app */ = {isa = PBXFileReference; explicitFileType = wrapper.application; includeInIndex = 0; path = TwitChat.app; sourceTree = BUILT_PRODUCTS_DIR; };
		9F02569F19A1DD4E00E58955 /* Foundation.framework */ = {isa = PBXFileReference; lastKnownFileType = wrapper.framework; name = Foundation.framework; path = System/Library/Frameworks/Foundation.framework; sourceTree = SDKROOT; };
		9F0256A119A1DD4E00E58955 /* CoreGraphics.framework */ = {isa = PBXFileReference; lastKnownFileType = wrapper.framework; name = CoreGraphics.framework; path = System/Library/Frameworks/CoreGraphics.framework; sourceTree = SDKROOT; };
		9F0256A319A1DD4E00E58955 /* UIKit.framework */ = {isa = PBXFileReference; lastKnownFileType = wrapper.framework; name = UIKit.framework; path = System/Library/Frameworks/UIKit.framework; sourceTree = SDKROOT; };
		9F0256A719A1DD4E00E58955 /* TwitChat-Info.plist */ = {isa = PBXFileReference; lastKnownFileType = text.plist.xml; path = "TwitChat-Info.plist"; sourceTree = "<group>"; };
		9F0256A919A1DD4E00E58955 /* en */ = {isa = PBXFileReference; lastKnownFileType = text.plist.strings; name = en; path = en.lproj/InfoPlist.strings; sourceTree = "<group>"; };
		9F0256AB19A1DD4E00E58955 /* main.m */ = {isa = PBXFileReference; lastKnownFileType = sourcecode.c.objc; path = main.m; sourceTree = "<group>"; };
		9F0256AD19A1DD4E00E58955 /* TwitChat-Prefix.pch */ = {isa = PBXFileReference; lastKnownFileType = sourcecode.c.h; path = "TwitChat-Prefix.pch"; sourceTree = "<group>"; };
		9F0256AE19A1DD4E00E58955 /* AppDelegate.h */ = {isa = PBXFileReference; lastKnownFileType = sourcecode.c.h; path = AppDelegate.h; sourceTree = "<group>"; };
		9F0256AF19A1DD4E00E58955 /* AppDelegate.m */ = {isa = PBXFileReference; lastKnownFileType = sourcecode.c.objc; path = AppDelegate.m; sourceTree = "<group>"; };
		9F0256B119A1DD4E00E58955 /* Images.xcassets */ = {isa = PBXFileReference; lastKnownFileType = folder.assetcatalog; path = Images.xcassets; sourceTree = "<group>"; };
		9F0256B719A1DD4E00E58955 /* TwitChatTests.xctest */ = {isa = PBXFileReference; explicitFileType = wrapper.cfbundle; includeInIndex = 0; path = TwitChatTests.xctest; sourceTree = BUILT_PRODUCTS_DIR; };
		9F0256B819A1DD4E00E58955 /* XCTest.framework */ = {isa = PBXFileReference; lastKnownFileType = wrapper.framework; name = XCTest.framework; path = Library/Frameworks/XCTest.framework; sourceTree = DEVELOPER_DIR; };
		9F0256C019A1DD4E00E58955 /* TwitChatTests-Info.plist */ = {isa = PBXFileReference; lastKnownFileType = text.plist.xml; path = "TwitChatTests-Info.plist"; sourceTree = "<group>"; };
		9F0256C219A1DD4E00E58955 /* en */ = {isa = PBXFileReference; lastKnownFileType = text.plist.strings; name = en; path = en.lproj/InfoPlist.strings; sourceTree = "<group>"; };
		9F0256C419A1DD4E00E58955 /* TwitChatTests.m */ = {isa = PBXFileReference; lastKnownFileType = sourcecode.c.objc; path = TwitChatTests.m; sourceTree = "<group>"; };
		9F0256CE19A1DD5B00E58955 /* FirstViewController.h */ = {isa = PBXFileReference; fileEncoding = 4; lastKnownFileType = sourcecode.c.h; path = FirstViewController.h; sourceTree = "<group>"; };
		9F0256CF19A1DD5B00E58955 /* FirstViewController.m */ = {isa = PBXFileReference; fileEncoding = 4; lastKnownFileType = sourcecode.c.objc; path = FirstViewController.m; sourceTree = "<group>"; };
		9F02571519A1E4AD00E58955 /* SecondViewController.h */ = {isa = PBXFileReference; fileEncoding = 4; lastKnownFileType = sourcecode.c.h; path = SecondViewController.h; sourceTree = "<group>"; };
		9F02571619A1E4AD00E58955 /* SecondViewController.m */ = {isa = PBXFileReference; fileEncoding = 4; lastKnownFileType = sourcecode.c.objc; path = SecondViewController.m; sourceTree = "<group>"; };
		9F02571819A1E4BD00E58955 /* ThirdViewController.h */ = {isa = PBXFileReference; fileEncoding = 4; lastKnownFileType = sourcecode.c.h; path = ThirdViewController.h; sourceTree = "<group>"; };
		9F02571919A1E4BD00E58955 /* ThirdViewController.m */ = {isa = PBXFileReference; fileEncoding = 4; lastKnownFileType = sourcecode.c.objc; path = ThirdViewController.m; sourceTree = "<group>"; };
		9FA6984419A1EF7000FF9E4C /* QuartzCore.framework */ = {isa = PBXFileReference; lastKnownFileType = wrapper.framework; name = QuartzCore.framework; path = System/Library/Frameworks/QuartzCore.framework; sourceTree = SDKROOT; };
		9FA6984719A1FE4800FF9E4C /* UIViewController+ENPopUp.m */ = {isa = PBXFileReference; fileEncoding = 4; lastKnownFileType = sourcecode.c.objc; path = "UIViewController+ENPopUp.m"; sourceTree = "<group>"; };
		9FA6984819A1FE4800FF9E4C /* UIViewController+ENPopUp.h */ = {isa = PBXFileReference; fileEncoding = 4; lastKnownFileType = sourcecode.c.h; path = "UIViewController+ENPopUp.h"; sourceTree = "<group>"; };
		9FA6984919A1FE4800FF9E4C /* JWBlurView.m */ = {isa = PBXFileReference; fileEncoding = 4; lastKnownFileType = sourcecode.c.objc; path = JWBlurView.m; sourceTree = "<group>"; };
		9FA6984A19A1FE4800FF9E4C /* JWBlurView.h */ = {isa = PBXFileReference; fileEncoding = 4; lastKnownFileType = sourcecode.c.h; path = JWBlurView.h; sourceTree = "<group>"; };
/* End PBXFileReference section */

/* Begin PBXFrameworksBuildPhase section */
		9F02569919A1DD4E00E58955 /* Frameworks */ = {
			isa = PBXFrameworksBuildPhase;
			buildActionMask = 2147483647;
			files = (
				38429B1519A2E74B0072941B /* Security.framework in Frameworks */,
				38429B1319A2E7440072941B /* SystemConfiguration.framework in Frameworks */,
				9FA6984519A1EF7000FF9E4C /* QuartzCore.framework in Frameworks */,
				9F0256A219A1DD4E00E58955 /* CoreGraphics.framework in Frameworks */,
				9F0256A419A1DD4E00E58955 /* UIKit.framework in Frameworks */,
				9F0256A019A1DD4E00E58955 /* Foundation.framework in Frameworks */,
			);
			runOnlyForDeploymentPostprocessing = 0;
		};
		9F0256B419A1DD4E00E58955 /* Frameworks */ = {
			isa = PBXFrameworksBuildPhase;
			buildActionMask = 2147483647;
			files = (
				9F0256B919A1DD4E00E58955 /* XCTest.framework in Frameworks */,
				9F0256BB19A1DD4E00E58955 /* UIKit.framework in Frameworks */,
				9F0256BA19A1DD4E00E58955 /* Foundation.framework in Frameworks */,
			);
			runOnlyForDeploymentPostprocessing = 0;
		};
/* End PBXFrameworksBuildPhase section */

/* Begin PBXGroup section */
		38429B1619A2E76B0072941B /* GTMOAuth */ = {
			isa = PBXGroup;
			children = (
				38429B1819A2E7A00072941B /* GTMOAuthViewControllerTouch.h */,
				38429B1919A2E7A00072941B /* GTMOAuthViewControllerTouch.m */,
				38429B1A19A2E7A00072941B /* GTMOAuthViewTouch.xib */,
				38429B1B19A2E7A00072941B /* GTMOAuthAuthentication.h */,
				38429B1C19A2E7A00072941B /* GTMOAuthAuthentication.m */,
				38429B1D19A2E7A00072941B /* GTMOAuthSignIn.h */,
				38429B1E19A2E7A00072941B /* GTMOAuthSignIn.m */,
			);
			name = GTMOAuth;
			sourceTree = "<group>";
		};
		38429B1719A2E77A0072941B /* GTMHTTPFetcher */ = {
			isa = PBXGroup;
			children = (
				38429B2319A2E7CC0072941B /* GTMHTTPFetcher.h */,
				38429B2419A2E7CC0072941B /* GTMHTTPFetcher.m */,
			);
			name = GTMHTTPFetcher;
			sourceTree = "<group>";
		};
		38429B2A19A30F180072941B /* SDWebImage */ = {
			isa = PBXGroup;
			children = (
				38429B2B19A30F180072941B /* MKAnnotationView+WebCache.h */,
				38429B2C19A30F180072941B /* MKAnnotationView+WebCache.m */,
				38429B2D19A30F180072941B /* NSData+ImageContentType.h */,
				38429B2E19A30F180072941B /* NSData+ImageContentType.m */,
				38429B2F19A30F180072941B /* SDImageCache.h */,
				38429B3019A30F180072941B /* SDImageCache.m */,
				38429B3119A30F180072941B /* SDWebImageCompat.h */,
				38429B3219A30F180072941B /* SDWebImageCompat.m */,
				38429B3319A30F180072941B /* SDWebImageDecoder.h */,
				38429B3419A30F180072941B /* SDWebImageDecoder.m */,
				38429B3519A30F180072941B /* SDWebImageDownloader.h */,
				38429B3619A30F180072941B /* SDWebImageDownloader.m */,
				38429B3719A30F180072941B /* SDWebImageDownloaderOperation.h */,
				38429B3819A30F180072941B /* SDWebImageDownloaderOperation.m */,
				38429B3919A30F180072941B /* SDWebImageManager.h */,
				38429B3A19A30F180072941B /* SDWebImageManager.m */,
				38429B3B19A30F180072941B /* SDWebImageOperation.h */,
				38429B3C19A30F180072941B /* SDWebImagePrefetcher.h */,
				38429B3D19A30F180072941B /* SDWebImagePrefetcher.m */,
				38429B3E19A30F180072941B /* UIButton+WebCache.h */,
				38429B3F19A30F180072941B /* UIButton+WebCache.m */,
				38429B4019A30F180072941B /* UIImage+GIF.h */,
				38429B4119A30F180072941B /* UIImage+GIF.m */,
				38429B4219A30F180072941B /* UIImage+MultiFormat.h */,
				38429B4319A30F180072941B /* UIImage+MultiFormat.m */,
				38429B4419A30F180072941B /* UIImage+WebP.h */,
				38429B4519A30F180072941B /* UIImage+WebP.m */,
				38429B4619A30F180072941B /* UIImageView+HighlightedWebCache.h */,
				38429B4719A30F180072941B /* UIImageView+HighlightedWebCache.m */,
				38429B4819A30F180072941B /* UIImageView+WebCache.h */,
				38429B4919A30F180072941B /* UIImageView+WebCache.m */,
				38429B4A19A30F180072941B /* UIView+WebCacheOperation.h */,
				38429B4B19A30F180072941B /* UIView+WebCacheOperation.m */,
			);
			path = SDWebImage;
			sourceTree = "<group>";
		};
		9F02569319A1DD4E00E58955 = {
			isa = PBXGroup;
			children = (
				9F0256A519A1DD4E00E58955 /* TwitChat */,
				9F0256BE19A1DD4E00E58955 /* TwitChatTests */,
				9F02569E19A1DD4E00E58955 /* Frameworks */,
				9F02569D19A1DD4E00E58955 /* Products */,
			);
			sourceTree = "<group>";
		};
		9F02569D19A1DD4E00E58955 /* Products */ = {
			isa = PBXGroup;
			children = (
				9F02569C19A1DD4E00E58955 /* TwitChat.app */,
				9F0256B719A1DD4E00E58955 /* TwitChatTests.xctest */,
			);
			name = Products;
			sourceTree = "<group>";
		};
		9F02569E19A1DD4E00E58955 /* Frameworks */ = {
			isa = PBXGroup;
			children = (
				38429B1419A2E74B0072941B /* Security.framework */,
				38429B1219A2E7440072941B /* SystemConfiguration.framework */,
				9FA6984419A1EF7000FF9E4C /* QuartzCore.framework */,
				9F02569F19A1DD4E00E58955 /* Foundation.framework */,
				9F0256A119A1DD4E00E58955 /* CoreGraphics.framework */,
				9F0256A319A1DD4E00E58955 /* UIKit.framework */,
				9F0256B819A1DD4E00E58955 /* XCTest.framework */,
			);
			name = Frameworks;
			sourceTree = "<group>";
		};
		9F0256A519A1DD4E00E58955 /* TwitChat */ = {
			isa = PBXGroup;
			children = (
				38429B2A19A30F180072941B /* SDWebImage */,
				9F0256AE19A1DD4E00E58955 /* AppDelegate.h */,
				9F0256AF19A1DD4E00E58955 /* AppDelegate.m */,
				38429B1719A2E77A0072941B /* GTMHTTPFetcher */,
				38429B1619A2E76B0072941B /* GTMOAuth */,
				9F0256CE19A1DD5B00E58955 /* FirstViewController.h */,
				9F0256CF19A1DD5B00E58955 /* FirstViewController.m */,
				9F02571519A1E4AD00E58955 /* SecondViewController.h */,
				9F02571619A1E4AD00E58955 /* SecondViewController.m */,
				9F02571819A1E4BD00E58955 /* ThirdViewController.h */,
				9F02571919A1E4BD00E58955 /* ThirdViewController.m */,
				9F0256B119A1DD4E00E58955 /* Images.xcassets */,
				9F0256A619A1DD4E00E58955 /* Supporting Files */,
			);
			path = TwitChat;
			sourceTree = "<group>";
		};
		9F0256A619A1DD4E00E58955 /* Supporting Files */ = {
			isa = PBXGroup;
			children = (
				9FA6984619A1FE0400FF9E4C /* Library */,
				9F0256A719A1DD4E00E58955 /* TwitChat-Info.plist */,
				9F0256A819A1DD4E00E58955 /* InfoPlist.strings */,
				9F0256AB19A1DD4E00E58955 /* main.m */,
				9F0256AD19A1DD4E00E58955 /* TwitChat-Prefix.pch */,
			);
			name = "Supporting Files";
			sourceTree = "<group>";
		};
		9F0256BE19A1DD4E00E58955 /* TwitChatTests */ = {
			isa = PBXGroup;
			children = (
				9F0256C419A1DD4E00E58955 /* TwitChatTests.m */,
				9F0256BF19A1DD4E00E58955 /* Supporting Files */,
			);
			path = TwitChatTests;
			sourceTree = "<group>";
		};
		9F0256BF19A1DD4E00E58955 /* Supporting Files */ = {
			isa = PBXGroup;
			children = (
				9F0256C019A1DD4E00E58955 /* TwitChatTests-Info.plist */,
				9F0256C119A1DD4E00E58955 /* InfoPlist.strings */,
			);
			name = "Supporting Files";
			sourceTree = "<group>";
		};
		9FA6984619A1FE0400FF9E4C /* Library */ = {
			isa = PBXGroup;
			children = (
				9FA6984819A1FE4800FF9E4C /* UIViewController+ENPopUp.h */,
				9FA6984719A1FE4800FF9E4C /* UIViewController+ENPopUp.m */,
				9FA6984A19A1FE4800FF9E4C /* JWBlurView.h */,
				9FA6984919A1FE4800FF9E4C /* JWBlurView.m */,
			);
			name = Library;
			sourceTree = "<group>";
		};
/* End PBXGroup section */

/* Begin PBXNativeTarget section */
		9F02569B19A1DD4E00E58955 /* TwitChat */ = {
			isa = PBXNativeTarget;
			buildConfigurationList = 9F0256C819A1DD4E00E58955 /* Build configuration list for PBXNativeTarget "TwitChat" */;
			buildPhases = (
				9F02569819A1DD4E00E58955 /* Sources */,
				9F02569919A1DD4E00E58955 /* Frameworks */,
				9F02569A19A1DD4E00E58955 /* Resources */,
			);
			buildRules = (
			);
			dependencies = (
			);
			name = TwitChat;
			productName = TwitChat;
			productReference = 9F02569C19A1DD4E00E58955 /* TwitChat.app */;
			productType = "com.apple.product-type.application";
		};
		9F0256B619A1DD4E00E58955 /* TwitChatTests */ = {
			isa = PBXNativeTarget;
			buildConfigurationList = 9F0256CB19A1DD4E00E58955 /* Build configuration list for PBXNativeTarget "TwitChatTests" */;
			buildPhases = (
				9F0256B319A1DD4E00E58955 /* Sources */,
				9F0256B419A1DD4E00E58955 /* Frameworks */,
				9F0256B519A1DD4E00E58955 /* Resources */,
			);
			buildRules = (
			);
			dependencies = (
				9F0256BD19A1DD4E00E58955 /* PBXTargetDependency */,
			);
			name = TwitChatTests;
			productName = TwitChatTests;
			productReference = 9F0256B719A1DD4E00E58955 /* TwitChatTests.xctest */;
			productType = "com.apple.product-type.bundle.unit-test";
		};
/* End PBXNativeTarget section */

/* Begin PBXProject section */
		9F02569419A1DD4E00E58955 /* Project object */ = {
			isa = PBXProject;
			attributes = {
				LastUpgradeCheck = 0510;
				ORGANIZATIONNAME = "Keisuke Tatsumi";
				TargetAttributes = {
					9F0256B619A1DD4E00E58955 = {
						TestTargetID = 9F02569B19A1DD4E00E58955;
					};
				};
			};
			buildConfigurationList = 9F02569719A1DD4E00E58955 /* Build configuration list for PBXProject "TwitChat" */;
			compatibilityVersion = "Xcode 3.2";
			developmentRegion = English;
			hasScannedForEncodings = 0;
			knownRegions = (
				en,
			);
			mainGroup = 9F02569319A1DD4E00E58955;
			productRefGroup = 9F02569D19A1DD4E00E58955 /* Products */;
			projectDirPath = "";
			projectRoot = "";
			targets = (
				9F02569B19A1DD4E00E58955 /* TwitChat */,
				9F0256B619A1DD4E00E58955 /* TwitChatTests */,
			);
		};
/* End PBXProject section */

/* Begin PBXResourcesBuildPhase section */
		9F02569A19A1DD4E00E58955 /* Resources */ = {
			isa = PBXResourcesBuildPhase;
			buildActionMask = 2147483647;
			files = (
				9F0256AA19A1DD4E00E58955 /* InfoPlist.strings in Resources */,
				38429B2019A2E7A00072941B /* GTMOAuthViewTouch.xib in Resources */,
				9F0256B219A1DD4E00E58955 /* Images.xcassets in Resources */,
			);
			runOnlyForDeploymentPostprocessing = 0;
		};
		9F0256B519A1DD4E00E58955 /* Resources */ = {
			isa = PBXResourcesBuildPhase;
			buildActionMask = 2147483647;
			files = (
				9F0256C319A1DD4E00E58955 /* InfoPlist.strings in Resources */,
			);
			runOnlyForDeploymentPostprocessing = 0;
		};
/* End PBXResourcesBuildPhase section */

/* Begin PBXSourcesBuildPhase section */
		9F02569819A1DD4E00E58955 /* Sources */ = {
			isa = PBXSourcesBuildPhase;
			buildActionMask = 2147483647;
			files = (
				38429B2219A2E7A00072941B /* GTMOAuthSignIn.m in Sources */,
				9FA6984C19A1FE4800FF9E4C /* JWBlurView.m in Sources */,
				38429B5819A30F190072941B /* UIImage+WebP.m in Sources */,
				38429B5519A30F190072941B /* UIButton+WebCache.m in Sources */,
				38429B5219A30F180072941B /* SDWebImageDownloaderOperation.m in Sources */,
				9FA6984B19A1FE4800FF9E4C /* UIViewController+ENPopUp.m in Sources */,
				38429B4E19A30F180072941B /* SDImageCache.m in Sources */,
				38429B4D19A30F180072941B /* NSData+ImageContentType.m in Sources */,
				38429B2119A2E7A00072941B /* GTMOAuthAuthentication.m in Sources */,
				38429B5019A30F180072941B /* SDWebImageDecoder.m in Sources */,
				38429B2519A2E7CC0072941B /* GTMHTTPFetcher.m in Sources */,
				38429B5919A30F190072941B /* UIImageView+HighlightedWebCache.m in Sources */,
				9F02571719A1E4AD00E58955 /* SecondViewController.m in Sources */,
				38429B5119A30F180072941B /* SDWebImageDownloader.m in Sources */,
				38429B4F19A30F180072941B /* SDWebImageCompat.m in Sources */,
				38429B1F19A2E7A00072941B /* GTMOAuthViewControllerTouch.m in Sources */,
				38429B5619A30F190072941B /* UIImage+GIF.m in Sources */,
				38429B5719A30F190072941B /* UIImage+MultiFormat.m in Sources */,
				9F02571A19A1E4BD00E58955 /* ThirdViewController.m in Sources */,
				38429B5419A30F190072941B /* SDWebImagePrefetcher.m in Sources */,
				9F0256B019A1DD4E00E58955 /* AppDelegate.m in Sources */,
				38429B4C19A30F180072941B /* MKAnnotationView+WebCache.m in Sources */,
				38429B5A19A30F190072941B /* UIImageView+WebCache.m in Sources */,
				38429B5B19A30F190072941B /* UIView+WebCacheOperation.m in Sources */,
				38429B5319A30F180072941B /* SDWebImageManager.m in Sources */,
				9F0256D019A1DD5B00E58955 /* FirstViewController.m in Sources */,
				9F0256AC19A1DD4E00E58955 /* main.m in Sources */,
			);
			runOnlyForDeploymentPostprocessing = 0;
		};
		9F0256B319A1DD4E00E58955 /* Sources */ = {
			isa = PBXSourcesBuildPhase;
			buildActionMask = 2147483647;
			files = (
				9F0256C519A1DD4E00E58955 /* TwitChatTests.m in Sources */,
			);
			runOnlyForDeploymentPostprocessing = 0;
		};
/* End PBXSourcesBuildPhase section */

/* Begin PBXTargetDependency section */
		9F0256BD19A1DD4E00E58955 /* PBXTargetDependency */ = {
			isa = PBXTargetDependency;
			target = 9F02569B19A1DD4E00E58955 /* TwitChat */;
			targetProxy = 9F0256BC19A1DD4E00E58955 /* PBXContainerItemProxy */;
		};
/* End PBXTargetDependency section */

/* Begin PBXVariantGroup section */
		9F0256A819A1DD4E00E58955 /* InfoPlist.strings */ = {
			isa = PBXVariantGroup;
			children = (
				9F0256A919A1DD4E00E58955 /* en */,
			);
			name = InfoPlist.strings;
			sourceTree = "<group>";
		};
		9F0256C119A1DD4E00E58955 /* InfoPlist.strings */ = {
			isa = PBXVariantGroup;
			children = (
				9F0256C219A1DD4E00E58955 /* en */,
			);
			name = InfoPlist.strings;
			sourceTree = "<group>";
		};
/* End PBXVariantGroup section */

/* Begin XCBuildConfiguration section */
		9F0256C619A1DD4E00E58955 /* Debug */ = {
			isa = XCBuildConfiguration;
			buildSettings = {
				ALWAYS_SEARCH_USER_PATHS = NO;
				CLANG_CXX_LANGUAGE_STANDARD = "gnu++0x";
				CLANG_CXX_LIBRARY = "libc++";
				CLANG_ENABLE_MODULES = YES;
				CLANG_ENABLE_OBJC_ARC = YES;
				CLANG_WARN_BOOL_CONVERSION = YES;
				CLANG_WARN_CONSTANT_CONVERSION = YES;
				CLANG_WARN_DIRECT_OBJC_ISA_USAGE = YES_ERROR;
				CLANG_WARN_EMPTY_BODY = YES;
				CLANG_WARN_ENUM_CONVERSION = YES;
				CLANG_WARN_INT_CONVERSION = YES;
				CLANG_WARN_OBJC_ROOT_CLASS = YES_ERROR;
				CLANG_WARN__DUPLICATE_METHOD_MATCH = YES;
				"CODE_SIGN_IDENTITY[sdk=iphoneos*]" = "iPhone Developer";
				COPY_PHASE_STRIP = NO;
				GCC_C_LANGUAGE_STANDARD = gnu99;
				GCC_DYNAMIC_NO_PIC = NO;
				GCC_OPTIMIZATION_LEVEL = 0;
				GCC_PREPROCESSOR_DEFINITIONS = (
					"DEBUG=1",
					"$(inherited)",
				);
				GCC_SYMBOLS_PRIVATE_EXTERN = NO;
				GCC_WARN_64_TO_32_BIT_CONVERSION = YES;
				GCC_WARN_ABOUT_RETURN_TYPE = YES_ERROR;
				GCC_WARN_UNDECLARED_SELECTOR = YES;
				GCC_WARN_UNINITIALIZED_AUTOS = YES_AGGRESSIVE;
				GCC_WARN_UNUSED_FUNCTION = YES;
				GCC_WARN_UNUSED_VARIABLE = YES;
				HEADER_SEARCH_PATHS = (
					"$(inherited)",
					/Applications/Xcode.app/Contents/Developer/Toolchains/XcodeDefault.xctoolchain/usr/include,
					"$SDKROOT/usr/include/libxml2/**",
				);
				IPHONEOS_DEPLOYMENT_TARGET = 7.1;
				ONLY_ACTIVE_ARCH = YES;
				SDKROOT = iphoneos;
			};
			name = Debug;
		};
		9F0256C719A1DD4E00E58955 /* Release */ = {
			isa = XCBuildConfiguration;
			buildSettings = {
				ALWAYS_SEARCH_USER_PATHS = NO;
				CLANG_CXX_LANGUAGE_STANDARD = "gnu++0x";
				CLANG_CXX_LIBRARY = "libc++";
				CLANG_ENABLE_MODULES = YES;
				CLANG_ENABLE_OBJC_ARC = YES;
				CLANG_WARN_BOOL_CONVERSION = YES;
				CLANG_WARN_CONSTANT_CONVERSION = YES;
				CLANG_WARN_DIRECT_OBJC_ISA_USAGE = YES_ERROR;
				CLANG_WARN_EMPTY_BODY = YES;
				CLANG_WARN_ENUM_CONVERSION = YES;
				CLANG_WARN_INT_CONVERSION = YES;
				CLANG_WARN_OBJC_ROOT_CLASS = YES_ERROR;
				CLANG_WARN__DUPLICATE_METHOD_MATCH = YES;
				"CODE_SIGN_IDENTITY[sdk=iphoneos*]" = "iPhone Developer";
				COPY_PHASE_STRIP = YES;
				ENABLE_NS_ASSERTIONS = NO;
				GCC_C_LANGUAGE_STANDARD = gnu99;
				GCC_WARN_64_TO_32_BIT_CONVERSION = YES;
				GCC_WARN_ABOUT_RETURN_TYPE = YES_ERROR;
				GCC_WARN_UNDECLARED_SELECTOR = YES;
				GCC_WARN_UNINITIALIZED_AUTOS = YES_AGGRESSIVE;
				GCC_WARN_UNUSED_FUNCTION = YES;
				GCC_WARN_UNUSED_VARIABLE = YES;
				HEADER_SEARCH_PATHS = (
					"$(inherited)",
					/Applications/Xcode.app/Contents/Developer/Toolchains/XcodeDefault.xctoolchain/usr/include,
					"$SDKROOT/usr/include/libxml2/**",
				);
				IPHONEOS_DEPLOYMENT_TARGET = 7.1;
				SDKROOT = iphoneos;
				VALIDATE_PRODUCT = YES;
			};
			name = Release;
		};
		9F0256C919A1DD4E00E58955 /* Debug */ = {
			isa = XCBuildConfiguration;
			buildSettings = {
				ASSETCATALOG_COMPILER_APPICON_NAME = AppIcon;
				ASSETCATALOG_COMPILER_LAUNCHIMAGE_NAME = LaunchImage;
				GCC_PRECOMPILE_PREFIX_HEADER = YES;
				GCC_PREFIX_HEADER = "TwitChat/TwitChat-Prefix.pch";
				INFOPLIST_FILE = "TwitChat/TwitChat-Info.plist";
				PRODUCT_NAME = "$(TARGET_NAME)";
				WRAPPER_EXTENSION = app;
			};
			name = Debug;
		};
		9F0256CA19A1DD4E00E58955 /* Release */ = {
			isa = XCBuildConfiguration;
			buildSettings = {
				ASSETCATALOG_COMPILER_APPICON_NAME = AppIcon;
				ASSETCATALOG_COMPILER_LAUNCHIMAGE_NAME = LaunchImage;
				GCC_PRECOMPILE_PREFIX_HEADER = YES;
				GCC_PREFIX_HEADER = "TwitChat/TwitChat-Prefix.pch";
				INFOPLIST_FILE = "TwitChat/TwitChat-Info.plist";
				PRODUCT_NAME = "$(TARGET_NAME)";
				WRAPPER_EXTENSION = app;
			};
			name = Release;
		};
		9F0256CC19A1DD4E00E58955 /* Debug */ = {
			isa = XCBuildConfiguration;
			buildSettings = {
				BUNDLE_LOADER = "$(BUILT_PRODUCTS_DIR)/TwitChat.app/TwitChat";
				FRAMEWORK_SEARCH_PATHS = (
					"$(SDKROOT)/Developer/Library/Frameworks",
					"$(inherited)",
					"$(DEVELOPER_FRAMEWORKS_DIR)",
				);
				GCC_PRECOMPILE_PREFIX_HEADER = YES;
				GCC_PREFIX_HEADER = "TwitChat/TwitChat-Prefix.pch";
				GCC_PREPROCESSOR_DEFINITIONS = (
					"DEBUG=1",
					"$(inherited)",
				);
				INFOPLIST_FILE = "TwitChatTests/TwitChatTests-Info.plist";
				PRODUCT_NAME = "$(TARGET_NAME)";
				TEST_HOST = "$(BUNDLE_LOADER)";
				WRAPPER_EXTENSION = xctest;
			};
			name = Debug;
		};
		9F0256CD19A1DD4E00E58955 /* Release */ = {
			isa = XCBuildConfiguration;
			buildSettings = {
				BUNDLE_LOADER = "$(BUILT_PRODUCTS_DIR)/TwitChat.app/TwitChat";
				FRAMEWORK_SEARCH_PATHS = (
					"$(SDKROOT)/Developer/Library/Frameworks",
					"$(inherited)",
					"$(DEVELOPER_FRAMEWORKS_DIR)",
				);
				GCC_PRECOMPILE_PREFIX_HEADER = YES;
				GCC_PREFIX_HEADER = "TwitChat/TwitChat-Prefix.pch";
				INFOPLIST_FILE = "TwitChatTests/TwitChatTests-Info.plist";
				PRODUCT_NAME = "$(TARGET_NAME)";
				TEST_HOST = "$(BUNDLE_LOADER)";
				WRAPPER_EXTENSION = xctest;
			};
			name = Release;
		};
/* End XCBuildConfiguration section */

/* Begin XCConfigurationList section */
		9F02569719A1DD4E00E58955 /* Build configuration list for PBXProject "TwitChat" */ = {
			isa = XCConfigurationList;
			buildConfigurations = (
				9F0256C619A1DD4E00E58955 /* Debug */,
				9F0256C719A1DD4E00E58955 /* Release */,
			);
			defaultConfigurationIsVisible = 0;
			defaultConfigurationName = Release;
		};
		9F0256C819A1DD4E00E58955 /* Build configuration list for PBXNativeTarget "TwitChat" */ = {
			isa = XCConfigurationList;
			buildConfigurations = (
				9F0256C919A1DD4E00E58955 /* Debug */,
				9F0256CA19A1DD4E00E58955 /* Release */,
			);
			defaultConfigurationIsVisible = 0;
			defaultConfigurationName = Release;
		};
		9F0256CB19A1DD4E00E58955 /* Build configuration list for PBXNativeTarget "TwitChatTests" */ = {
			isa = XCConfigurationList;
			buildConfigurations = (
				9F0256CC19A1DD4E00E58955 /* Debug */,
				9F0256CD19A1DD4E00E58955 /* Release */,
			);
			defaultConfigurationIsVisible = 0;
			defaultConfigurationName = Release;
		};
/* End XCConfigurationList section */
	};
	rootObject = 9F02569419A1DD4E00E58955 /* Project object */;
}
